// !$*UTF8*$!
{
	archiveVersion = 1;
	classes = {
	};
	objectVersion = 77;
	objects = {

/* Begin PBXContainerItemProxy section */
		AA9A0A6B2DB61E5400F8B51D /* PBXContainerItemProxy */ = {
			isa = PBXContainerItemProxy;
			containerPortal = AA9A0A4C2DB61E5300F8B51D /* Project object */;
			proxyType = 1;
			remoteGlobalIDString = AA9A0A532DB61E5300F8B51D;
			remoteInfo = "Life Counter";
		};
		AA9A0A752DB61E5400F8B51D /* PBXContainerItemProxy */ = {
			isa = PBXContainerItemProxy;
			containerPortal = AA9A0A4C2DB61E5300F8B51D /* Project object */;
			proxyType = 1;
			remoteGlobalIDString = AA9A0A532DB61E5300F8B51D;
			remoteInfo = "Life Counter";
		};
/* End PBXContainerItemProxy section */

/* Begin PBXFileReference section */
		AA9A0A542DB61E5300F8B51D /* Life Counter.app */ = {isa = PBXFileReference; explicitFileType = wrapper.application; includeInIndex = 0; path = "Life Counter.app"; sourceTree = BUILT_PRODUCTS_DIR; };
		AA9A0A6A2DB61E5400F8B51D /* Life CounterTests.xctest */ = {isa = PBXFileReference; explicitFileType = wrapper.cfbundle; includeInIndex = 0; path = "Life CounterTests.xctest"; sourceTree = BUILT_PRODUCTS_DIR; };
		AA9A0A742DB61E5400F8B51D /* Life CounterUITests.xctest */ = {isa = PBXFileReference; explicitFileType = wrapper.cfbundle; includeInIndex = 0; path = "Life CounterUITests.xctest"; sourceTree = BUILT_PRODUCTS_DIR; };
/* End PBXFileReference section */

/* Begin PBXFileSystemSynchronizedBuildFileExceptionSet section */
		AA9A0A7C2DB61E5400F8B51D /* Exceptions for "Life Counter" folder in "Life Counter" target */ = {
			isa = PBXFileSystemSynchronizedBuildFileExceptionSet;
			membershipExceptions = (
				Info.plist,
			);
			target = AA9A0A532DB61E5300F8B51D /* Life Counter */;
		};
/* End PBXFileSystemSynchronizedBuildFileExceptionSet section */

/* Begin PBXFileSystemSynchronizedRootGroup section */
		AA9A0A562DB61E5300F8B51D /* Life Counter */ = {
			isa = PBXFileSystemSynchronizedRootGroup;
			exceptions = (
				AA9A0A7C2DB61E5400F8B51D /* Exceptions for "Life Counter" folder in "Life Counter" target */,
			);
			path = "Life Counter";
			sourceTree = "<group>";
		};
		AA9A0A6D2DB61E5400F8B51D /* Life CounterTests */ = {
			isa = PBXFileSystemSynchronizedRootGroup;
			path = "Life CounterTests";
			sourceTree = "<group>";
		};
		AA9A0A772DB61E5400F8B51D /* Life CounterUITests */ = {
			isa = PBXFileSystemSynchronizedRootGroup;
			path = "Life CounterUITests";
			sourceTree = "<group>";
		};
/* End PBXFileSystemSynchronizedRootGroup section */

/* Begin PBXFrameworksBuildPhase section */
		AA9A0A512DB61E5300F8B51D /* Frameworks */ = {
			isa = PBXFrameworksBuildPhase;
			buildActionMask = 2147483647;
			files = (
			);
			runOnlyForDeploymentPostprocessing = 0;
		};
		AA9A0A672DB61E5400F8B51D /* Frameworks */ = {
			isa = PBXFrameworksBuildPhase;
			buildActionMask = 2147483647;
			files = (
			);
			runOnlyForDeploymentPostprocessing = 0;
		};
		AA9A0A712DB61E5400F8B51D /* Frameworks */ = {
			isa = PBXFrameworksBuildPhase;
			buildActionMask = 2147483647;
			files = (
			);
			runOnlyForDeploymentPostprocessing = 0;
		};
/* End PBXFrameworksBuildPhase section */

/* Begin PBXGroup section */
		AA9A0A4B2DB61E5300F8B51D = {
			isa = PBXGroup;
			children = (
				AA9A0A562DB61E5300F8B51D /* Life Counter */,
				AA9A0A6D2DB61E5400F8B51D /* Life CounterTests */,
				AA9A0A772DB61E5400F8B51D /* Life CounterUITests */,
				AA9A0A552DB61E5300F8B51D /* Products */,
			);
			sourceTree = "<group>";
		};
		AA9A0A552DB61E5300F8B51D /* Products */ = {
			isa = PBXGroup;
			children = (
				AA9A0A542DB61E5300F8B51D /* Life Counter.app */,
				AA9A0A6A2DB61E5400F8B51D /* Life CounterTests.xctest */,
				AA9A0A742DB61E5400F8B51D /* Life CounterUITests.xctest */,
			);
			name = Products;
			sourceTree = "<group>";
		};
/* End PBXGroup section */

/* Begin PBXNativeTarget section */
		AA9A0A532DB61E5300F8B51D /* Life Counter */ = {
			isa = PBXNativeTarget;
			buildConfigurationList = AA9A0A7D2DB61E5400F8B51D /* Build configuration list for PBXNativeTarget "Life Counter" */;
			buildPhases = (
				AA9A0A502DB61E5300F8B51D /* Sources */,
				AA9A0A512DB61E5300F8B51D /* Frameworks */,
				AA9A0A522DB61E5300F8B51D /* Resources */,
			);
			buildRules = (
			);
			dependencies = (
			);
			fileSystemSynchronizedGroups = (
				AA9A0A562DB61E5300F8B51D /* Life Counter */,
			);
			name = "Life Counter";
			packageProductDependencies = (
			);
			productName = "Life Counter";
			productReference = AA9A0A542DB61E5300F8B51D /* Life Counter.app */;
			productType = "com.apple.product-type.application";
		};
		AA9A0A692DB61E5400F8B51D /* Life CounterTests */ = {
			isa = PBXNativeTarget;
			buildConfigurationList = AA9A0A822DB61E5400F8B51D /* Build configuration list for PBXNativeTarget "Life CounterTests" */;
			buildPhases = (
				AA9A0A662DB61E5400F8B51D /* Sources */,
				AA9A0A672DB61E5400F8B51D /* Frameworks */,
				AA9A0A682DB61E5400F8B51D /* Resources */,
			);
			buildRules = (
			);
			dependencies = (
				AA9A0A6C2DB61E5400F8B51D /* PBXTargetDependency */,
			);
			fileSystemSynchronizedGroups = (
				AA9A0A6D2DB61E5400F8B51D /* Life CounterTests */,
			);
			name = "Life CounterTests";
			packageProductDependencies = (
			);
			productName = "Life CounterTests";
			productReference = AA9A0A6A2DB61E5400F8B51D /* Life CounterTests.xctest */;
			productType = "com.apple.product-type.bundle.unit-test";
		};
		AA9A0A732DB61E5400F8B51D /* Life CounterUITests */ = {
			isa = PBXNativeTarget;
			buildConfigurationList = AA9A0A852DB61E5400F8B51D /* Build configuration list for PBXNativeTarget "Life CounterUITests" */;
			buildPhases = (
				AA9A0A702DB61E5400F8B51D /* Sources */,
				AA9A0A712DB61E5400F8B51D /* Frameworks */,
				AA9A0A722DB61E5400F8B51D /* Resources */,
			);
			buildRules = (
			);
			dependencies = (
				AA9A0A762DB61E5400F8B51D /* PBXTargetDependency */,
			);
			fileSystemSynchronizedGroups = (
				AA9A0A772DB61E5400F8B51D /* Life CounterUITests */,
			);
			name = "Life CounterUITests";
			packageProductDependencies = (
			);
			productName = "Life CounterUITests";
			productReference = AA9A0A742DB61E5400F8B51D /* Life CounterUITests.xctest */;
			productType = "com.apple.product-type.bundle.ui-testing";
		};
/* End PBXNativeTarget section */

/* Begin PBXProject section */
		AA9A0A4C2DB61E5300F8B51D /* Project object */ = {
			isa = PBXProject;
			attributes = {
				BuildIndependentTargetsInParallel = 1;
				LastSwiftUpdateCheck = 1630;
				LastUpgradeCheck = 1630;
				TargetAttributes = {
					AA9A0A532DB61E5300F8B51D = {
						CreatedOnToolsVersion = 16.3;
					};
					AA9A0A692DB61E5400F8B51D = {
						CreatedOnToolsVersion = 16.3;
						TestTargetID = AA9A0A532DB61E5300F8B51D;
					};
					AA9A0A732DB61E5400F8B51D = {
						CreatedOnToolsVersion = 16.3;
						TestTargetID = AA9A0A532DB61E5300F8B51D;
					};
				};
			};
			buildConfigurationList = AA9A0A4F2DB61E5300F8B51D /* Build configuration list for PBXProject "Life Counter" */;
			developmentRegion = en;
			hasScannedForEncodings = 0;
			knownRegions = (
				en,
				Base,
			);
			mainGroup = AA9A0A4B2DB61E5300F8B51D;
			minimizedProjectReferenceProxies = 1;
			preferredProjectObjectVersion = 77;
			productRefGroup = AA9A0A552DB61E5300F8B51D /* Products */;
			projectDirPath = "";
			projectRoot = "";
			targets = (
				AA9A0A532DB61E5300F8B51D /* Life Counter */,
				AA9A0A692DB61E5400F8B51D /* Life CounterTests */,
				AA9A0A732DB61E5400F8B51D /* Life CounterUITests */,
			);
		};
/* End PBXProject section */

/* Begin PBXResourcesBuildPhase section */
		AA9A0A522DB61E5300F8B51D /* Resources */ = {
			isa = PBXResourcesBuildPhase;
			buildActionMask = 2147483647;
			files = (
			);
			runOnlyForDeploymentPostprocessing = 0;
		};
		AA9A0A682DB61E5400F8B51D /* Resources */ = {
			isa = PBXResourcesBuildPhase;
			buildActionMask = 2147483647;
			files = (
			);
			runOnlyForDeploymentPostprocessing = 0;
		};
		AA9A0A722DB61E5400F8B51D /* Resources */ = {
			isa = PBXResourcesBuildPhase;
			buildActionMask = 2147483647;
			files = (
			);
			runOnlyForDeploymentPostprocessing = 0;
		};
/* End PBXResourcesBuildPhase section */

/* Begin PBXSourcesBuildPhase section */
		AA9A0A502DB61E5300F8B51D /* Sources */ = {
			isa = PBXSourcesBuildPhase;
			buildActionMask = 2147483647;
			files = (
			);
			runOnlyForDeploymentPostprocessing = 0;
		};
		AA9A0A662DB61E5400F8B51D /* Sources */ = {
			isa = PBXSourcesBuildPhase;
			buildActionMask = 2147483647;
			files = (
			);
			runOnlyForDeploymentPostprocessing = 0;
		};
		AA9A0A702DB61E5400F8B51D /* Sources */ = {
			isa = PBXSourcesBuildPhase;
			buildActionMask = 2147483647;
			files = (
			);
			runOnlyForDeploymentPostprocessing = 0;
		};
/* End PBXSourcesBuildPhase section */

/* Begin PBXTargetDependency section */
		AA9A0A6C2DB61E5400F8B51D /* PBXTargetDependency */ = {
			isa = PBXTargetDependency;
			target = AA9A0A532DB61E5300F8B51D /* Life Counter */;
			targetProxy = AA9A0A6B2DB61E5400F8B51D /* PBXContainerItemProxy */;
		};
		AA9A0A762DB61E5400F8B51D /* PBXTargetDependency */ = {
			isa = PBXTargetDependency;
			target = AA9A0A532DB61E5300F8B51D /* Life Counter */;
			targetProxy = AA9A0A752DB61E5400F8B51D /* PBXContainerItemProxy */;
		};
/* End PBXTargetDependency section */

/* Begin XCBuildConfiguration section */
		AA9A0A7E2DB61E5400F8B51D /* Debug */ = {
			isa = XCBuildConfiguration;
			buildSettings = {
				ASSETCATALOG_COMPILER_APPICON_NAME = AppIcon;
				ASSETCATALOG_COMPILER_GLOBAL_ACCENT_COLOR_NAME = AccentColor;
				CODE_SIGN_STYLE = Automatic;
				CURRENT_PROJECT_VERSION = 1;
				DEVELOPMENT_TEAM = UD2V2S5JKQ;
				GENERATE_INFOPLIST_FILE = YES;
				INFOPLIST_FILE = "Life Counter/Info.plist";
				INFOPLIST_KEY_CFBundleDisplayName = "Life Counter";
				INFOPLIST_KEY_UIApplicationSupportsIndirectInputEvents = YES;
				INFOPLIST_KEY_UILaunchStoryboardName = LaunchScreen;
				INFOPLIST_KEY_UIMainStoryboardFile = Main;
				INFOPLIST_KEY_UISupportedInterfaceOrientations_iPad = "UIInterfaceOrientationPortrait UIInterfaceOrientationPortraitUpsideDown UIInterfaceOrientationLandscapeLeft UIInterfaceOrientationLandscapeRight";
				INFOPLIST_KEY_UISupportedInterfaceOrientations_iPhone = "UIInterfaceOrientationPortrait UIInterfaceOrientationLandscapeLeft UIInterfaceOrientationLandscapeRight";
				LD_RUNPATH_SEARCH_PATHS = (
					"$(inherited)",
					"@executable_path/Frameworks",
				);
				MARKETING_VERSION = 1.0;
				PRODUCT_BUNDLE_IDENTIFIER = "edu.uw.ischool.anantd.Life-Counter";
				PRODUCT_NAME = "$(TARGET_NAME)";
				SWIFT_EMIT_LOC_STRINGS = YES;
				SWIFT_VERSION = 5.0;
				TARGETED_DEVICE_FAMILY = "1,2";
			};
			name = Debug;
		};
		AA9A0A7F2DB61E5400F8B51D /* Release */ = {
			isa = XCBuildConfiguration;
			buildSettings = {
				ASSETCATALOG_COMPILER_APPICON_NAME = AppIcon;
				ASSETCATALOG_COMPILER_GLOBAL_ACCENT_COLOR_NAME = AccentColor;
				CODE_SIGN_STYLE = Automatic;
				CURRENT_PROJECT_VERSION = 1;
				DEVELOPMENT_TEAM = UD2V2S5JKQ;
				GENERATE_INFOPLIST_FILE = YES;
				INFOPLIST_FILE = "Life Counter/Info.plist";
				INFOPLIST_KEY_CFBundleDisplayName = "Life Counter";
				INFOPLIST_KEY_UIApplicationSupportsIndirectInputEvents = YES;
				INFOPLIST_KEY_UILaunchStoryboardName = LaunchScreen;
				INFOPLIST_KEY_UIMainStoryboardFile = Main;
				INFOPLIST_KEY_UISupportedInterfaceOrientations_iPad = "UIInterfaceOrientationPortrait UIInterfaceOrientationPortraitUpsideDown UIInterfaceOrientationLandscapeLeft UIInterfaceOrientationLandscapeRight";
				INFOPLIST_KEY_UISupportedInterfaceOrientations_iPhone = "UIInterfaceOrientationPortrait UIInterfaceOrientationLandscapeLeft UIInterfaceOrientationLandscapeRight";
				LD_RUNPATH_SEARCH_PATHS = (
					"$(inherited)",
					"@executable_path/Frameworks",
				);
				MARKETING_VERSION = 1.0;
				PRODUCT_BUNDLE_IDENTIFIER = "edu.uw.ischool.anantd.Life-Counter";
				PRODUCT_NAME = "$(TARGET_NAME)";
				SWIFT_EMIT_LOC_STRINGS = YES;
				SWIFT_VERSION = 5.0;
				TARGETED_DEVICE_FAMILY = "1,2";
			};
			name = Release;
		};
		AA9A0A802DB61E5400F8B51D /* Debug */ = {
			isa = XCBuildConfiguration;
			buildSettings = {
				ALWAYS_SEARCH_USER_PATHS = NO;
				ASSETCATALOG_COMPILER_GENERATE_SWIFT_ASSET_SYMBOL_EXTENSIONS = YES;
				CLANG_ANALYZER_NONNULL = YES;
				CLANG_ANALYZER_NUMBER_OBJECT_CONVERSION = YES_AGGRESSIVE;
				CLANG_CXX_LANGUAGE_STANDARD = "gnu++20";
				CLANG_ENABLE_MODULES = YES;
				CLANG_ENABLE_OBJC_ARC = YES;
				CLANG_ENABLE_OBJC_WEAK = YES;
				CLANG_WARN_BLOCK_CAPTURE_AUTORELEASING = YES;
				CLANG_WARN_BOOL_CONVERSION = YES;
				CLANG_WARN_COMMA = YES;
				CLANG_WARN_CONSTANT_CONVERSION = YES;
				CLANG_WARN_DEPRECATED_OBJC_IMPLEMENTATIONS = YES;
				CLANG_WARN_DIRECT_OBJC_ISA_USAGE = YES_ERROR;
				CLANG_WARN_DOCUMENTATION_COMMENTS = YES;
				CLANG_WARN_EMPTY_BODY = YES;
				CLANG_WARN_ENUM_CONVERSION = YES;
				CLANG_WARN_INFINITE_RECURSION = YES;
				CLANG_WARN_INT_CONVERSION = YES;
				CLANG_WARN_NON_LITERAL_NULL_CONVERSION = YES;
				CLANG_WARN_OBJC_IMPLICIT_RETAIN_SELF = YES;
				CLANG_WARN_OBJC_LITERAL_CONVERSION = YES;
				CLANG_WARN_OBJC_ROOT_CLASS = YES_ERROR;
				CLANG_WARN_QUOTED_INCLUDE_IN_FRAMEWORK_HEADER = YES;
				CLANG_WARN_RANGE_LOOP_ANALYSIS = YES;
				CLANG_WARN_STRICT_PROTOTYPES = YES;
				CLANG_WARN_SUSPICIOUS_MOVE = YES;
				CLANG_WARN_UNGUARDED_AVAILABILITY = YES_AGGRESSIVE;
				CLANG_WARN_UNREACHABLE_CODE = YES;
				CLANG_WARN__DUPLICATE_METHOD_MATCH = YES;
				COPY_PHASE_STRIP = NO;
				DEBUG_INFORMATION_FORMAT = dwarf;
				DEVELOPMENT_TEAM = UD2V2S5JKQ;
				ENABLE_STRICT_OBJC_MSGSEND = YES;
				ENABLE_TESTABILITY = YES;
				ENABLE_USER_SCRIPT_SANDBOXING = YES;
				GCC_C_LANGUAGE_STANDARD = gnu17;
				GCC_DYNAMIC_NO_PIC = NO;
				GCC_NO_COMMON_BLOCKS = YES;
				GCC_OPTIMIZATION_LEVEL = 0;
				GCC_PREPROCESSOR_DEFINITIONS = (
					"DEBUG=1",
					"$(inherited)",
				);
				GCC_WARN_64_TO_32_BIT_CONVERSION = YES;
				GCC_WARN_ABOUT_RETURN_TYPE = YES_ERROR;
				GCC_WARN_UNDECLARED_SELECTOR = YES;
				GCC_WARN_UNINITIALIZED_AUTOS = YES_AGGRESSIVE;
				GCC_WARN_UNUSED_FUNCTION = YES;
				GCC_WARN_UNUSED_VARIABLE = YES;
				IPHONEOS_DEPLOYMENT_TARGET = 18.4;
				LOCALIZATION_PREFERS_STRING_CATALOGS = YES;
				MTL_ENABLE_DEBUG_INFO = INCLUDE_SOURCE;
				MTL_FAST_MATH = YES;
				ONLY_ACTIVE_ARCH = YES;
				SDKROOT = iphoneos;
				SWIFT_ACTIVE_COMPILATION_CONDITIONS = "DEBUG $(inherited)";
				SWIFT_OPTIMIZATION_LEVEL = "-Onone";
			};
			name = Debug;
		};
		AA9A0A812DB61E5400F8B51D /* Release */ = {
			isa = XCBuildConfiguration;
			buildSettings = {
				ALWAYS_SEARCH_USER_PATHS = NO;
				ASSETCATALOG_COMPILER_GENERATE_SWIFT_ASSET_SYMBOL_EXTENSIONS = YES;
				CLANG_ANALYZER_NONNULL = YES;
				CLANG_ANALYZER_NUMBER_OBJECT_CONVERSION = YES_AGGRESSIVE;
				CLANG_CXX_LANGUAGE_STANDARD = "gnu++20";
				CLANG_ENABLE_MODULES = YES;
				CLANG_ENABLE_OBJC_ARC = YES;
				CLANG_ENABLE_OBJC_WEAK = YES;
				CLANG_WARN_BLOCK_CAPTURE_AUTORELEASING = YES;
				CLANG_WARN_BOOL_CONVERSION = YES;
				CLANG_WARN_COMMA = YES;
				CLANG_WARN_CONSTANT_CONVERSION = YES;
				CLANG_WARN_DEPRECATED_OBJC_IMPLEMENTATIONS = YES;
				CLANG_WARN_DIRECT_OBJC_ISA_USAGE = YES_ERROR;
				CLANG_WARN_DOCUMENTATION_COMMENTS = YES;
				CLANG_WARN_EMPTY_BODY = YES;
				CLANG_WARN_ENUM_CONVERSION = YES;
				CLANG_WARN_INFINITE_RECURSION = YES;
				CLANG_WARN_INT_CONVERSION = YES;
				CLANG_WARN_NON_LITERAL_NULL_CONVERSION = YES;
				CLANG_WARN_OBJC_IMPLICIT_RETAIN_SELF = YES;
				CLANG_WARN_OBJC_LITERAL_CONVERSION = YES;
				CLANG_WARN_OBJC_ROOT_CLASS = YES_ERROR;
				CLANG_WARN_QUOTED_INCLUDE_IN_FRAMEWORK_HEADER = YES;
				CLANG_WARN_RANGE_LOOP_ANALYSIS = YES;
				CLANG_WARN_STRICT_PROTOTYPES = YES;
				CLANG_WARN_SUSPICIOUS_MOVE = YES;
				CLANG_WARN_UNGUARDED_AVAILABILITY = YES_AGGRESSIVE;
				CLANG_WARN_UNREACHABLE_CODE = YES;
				CLANG_WARN__DUPLICATE_METHOD_MATCH = YES;
				COPY_PHASE_STRIP = NO;
				DEBUG_INFORMATION_FORMAT = "dwarf-with-dsym";
				DEVELOPMENT_TEAM = UD2V2S5JKQ;
				ENABLE_NS_ASSERTIONS = NO;
				ENABLE_STRICT_OBJC_MSGSEND = YES;
				ENABLE_USER_SCRIPT_SANDBOXING = YES;
				GCC_C_LANGUAGE_STANDARD = gnu17;
				GCC_NO_COMMON_BLOCKS = YES;
				GCC_WARN_64_TO_32_BIT_CONVERSION = YES;
				GCC_WARN_ABOUT_RETURN_TYPE = YES_ERROR;
				GCC_WARN_UNDECLARED_SELECTOR = YES;
				GCC_WARN_UNINITIALIZED_AUTOS = YES_AGGRESSIVE;
				GCC_WARN_UNUSED_FUNCTION = YES;
				GCC_WARN_UNUSED_VARIABLE = YES;
				IPHONEOS_DEPLOYMENT_TARGET = 18.4;
				LOCALIZATION_PREFERS_STRING_CATALOGS = YES;
				MTL_ENABLE_DEBUG_INFO = NO;
				MTL_FAST_MATH = YES;
				SDKROOT = iphoneos;
				SWIFT_COMPILATION_MODE = wholemodule;
				VALIDATE_PRODUCT = YES;
			};
			name = Release;
		};
		AA9A0A832DB61E5400F8B51D /* Debug */ = {
			isa = XCBuildConfiguration;
			buildSettings = {
				BUNDLE_LOADER = "$(TEST_HOST)";
				CODE_SIGN_STYLE = Automatic;
				CURRENT_PROJECT_VERSION = 1;
				DEVELOPMENT_TEAM = UD2V2S5JKQ;
				GENERATE_INFOPLIST_FILE = YES;
				IPHONEOS_DEPLOYMENT_TARGET = 18.4;
				MARKETING_VERSION = 1.0;
				PRODUCT_BUNDLE_IDENTIFIER = "edu.uw.ischool.anantd.Life-CounterTests";
				PRODUCT_NAME = "$(TARGET_NAME)";
				SWIFT_EMIT_LOC_STRINGS = NO;
				SWIFT_VERSION = 5.0;
				TARGETED_DEVICE_FAMILY = "1,2";
				TEST_HOST = "$(BUILT_PRODUCTS_DIR)/Life Counter.app/$(BUNDLE_EXECUTABLE_FOLDER_PATH)/Life Counter";
			};
			name = Debug;
		};
		AA9A0A842DB61E5400F8B51D /* Release */ = {
			isa = XCBuildConfiguration;
			buildSettings = {
				BUNDLE_LOADER = "$(TEST_HOST)";
				CODE_SIGN_STYLE = Automatic;
				CURRENT_PROJECT_VERSION = 1;
				DEVELOPMENT_TEAM = UD2V2S5JKQ;
				GENERATE_INFOPLIST_FILE = YES;
				IPHONEOS_DEPLOYMENT_TARGET = 18.4;
				MARKETING_VERSION = 1.0;
				PRODUCT_BUNDLE_IDENTIFIER = "edu.uw.ischool.anantd.Life-CounterTests";
				PRODUCT_NAME = "$(TARGET_NAME)";
				SWIFT_EMIT_LOC_STRINGS = NO;
				SWIFT_VERSION = 5.0;
				TARGETED_DEVICE_FAMILY = "1,2";
				TEST_HOST = "$(BUILT_PRODUCTS_DIR)/Life Counter.app/$(BUNDLE_EXECUTABLE_FOLDER_PATH)/Life Counter";
			};
			name = Release;
		};
		AA9A0A862DB61E5400F8B51D /* Debug */ = {
			isa = XCBuildConfiguration;
			buildSettings = {
				CODE_SIGN_STYLE = Automatic;
				CURRENT_PROJECT_VERSION = 1;
				DEVELOPMENT_TEAM = UD2V2S5JKQ;
				GENERATE_INFOPLIST_FILE = YES;
				MARKETING_VERSION = 1.0;
				PRODUCT_BUNDLE_IDENTIFIER = "edu.uw.ischool.anantd.Life-CounterUITests";
				PRODUCT_NAME = "$(TARGET_NAME)";
				SWIFT_EMIT_LOC_STRINGS = NO;
				SWIFT_VERSION = 5.0;
				TARGETED_DEVICE_FAMILY = "1,2";
				TEST_TARGET_NAME = "Life Counter";
			};
			name = Debug;
		};
		AA9A0A872DB61E5400F8B51D /* Release */ = {
			isa = XCBuildConfiguration;
			buildSettings = {
				CODE_SIGN_STYLE = Automatic;
				CURRENT_PROJECT_VERSION = 1;
				DEVELOPMENT_TEAM = UD2V2S5JKQ;
				GENERATE_INFOPLIST_FILE = YES;
				MARKETING_VERSION = 1.0;
				PRODUCT_BUNDLE_IDENTIFIER = "edu.uw.ischool.anantd.Life-CounterUITests";
				PRODUCT_NAME = "$(TARGET_NAME)";
				SWIFT_EMIT_LOC_STRINGS = NO;
				SWIFT_VERSION = 5.0;
				TARGETED_DEVICE_FAMILY = "1,2";
				TEST_TARGET_NAME = "Life Counter";
			};
			name = Release;
		};
/* End XCBuildConfiguration section */

/* Begin XCConfigurationList section */
		AA9A0A4F2DB61E5300F8B51D /* Build configuration list for PBXProject "Life Counter" */ = {
			isa = XCConfigurationList;
			buildConfigurations = (
				AA9A0A802DB61E5400F8B51D /* Debug */,
				AA9A0A812DB61E5400F8B51D /* Release */,
			);
			defaultConfigurationIsVisible = 0;
			defaultConfigurationName = Release;
		};
		AA9A0A7D2DB61E5400F8B51D /* Build configuration list for PBXNativeTarget "Life Counter" */ = {
			isa = XCConfigurationList;
			buildConfigurations = (
				AA9A0A7E2DB61E5400F8B51D /* Debug */,
				AA9A0A7F2DB61E5400F8B51D /* Release */,
			);
			defaultConfigurationIsVisible = 0;
			defaultConfigurationName = Release;
		};
		AA9A0A822DB61E5400F8B51D /* Build configuration list for PBXNativeTarget "Life CounterTests" */ = {
			isa = XCConfigurationList;
			buildConfigurations = (
				AA9A0A832DB61E5400F8B51D /* Debug */,
				AA9A0A842DB61E5400F8B51D /* Release */,
			);
			defaultConfigurationIsVisible = 0;
			defaultConfigurationName = Release;
		};
		AA9A0A852DB61E5400F8B51D /* Build configuration list for PBXNativeTarget "Life CounterUITests" */ = {
			isa = XCConfigurationList;
			buildConfigurations = (
				AA9A0A862DB61E5400F8B51D /* Debug */,
				AA9A0A872DB61E5400F8B51D /* Release */,
			);
			defaultConfigurationIsVisible = 0;
			defaultConfigurationName = Release;
		};
/* End XCConfigurationList section */
	};
	rootObject = AA9A0A4C2DB61E5300F8B51D /* Project object */;
}
